
Microsoft Visual Studio Solution File, Format Version 12.00
# Visual Studio Version 17
VisualStudioVersion = 17.14.36202.13 d17.14
MinimumVisualStudioVersion = 10.0.40219.1
Project("{FAE04EC0-301F-11D3-BF4B-00C04F79EFBC}") = "LlamadasSeguras", "LlamadasSeguras.csproj", "{4742EE37-2031-46E9-BFA9-C5D9B4605C1E}"
EndProject
Global
	GlobalSection(SolutionConfigurationPlatforms) = preSolution
		Debug|Any CPU = Debug|Any CPU
		Release|Any CPU = Release|Any CPU
	EndGlobalSection
	GlobalSection(ProjectConfigurationPlatforms) = postSolution
		{4742EE37-2031-46E9-BFA9-C5D9B4605C1E}.Debug|Any CPU.ActiveCfg = Debug|Any CPU
		{4742EE37-2031-46E9-BFA9-C5D9B4605C1E}.Debug|Any CPU.Build.0 = Debug|Any CPU
		{4742EE37-2031-46E9-BFA9-C5D9B4605C1E}.Release|Any CPU.ActiveCfg = Release|Any CPU
		{4742EE37-2031-46E9-BFA9-C5D9B4605C1E}.Release|Any CPU.Build.0 = Release|Any CPU
	EndGlobalSection
	GlobalSection(SolutionProperties) = preSolution
		HideSolutionNode = FALSE
	EndGlobalSection
	GlobalSection(ExtensibilityGlobals) = postSolution
		SolutionGuid = {0D0ADF0B-D1B5-4EC2-96DD-B78C023D97DE}
	EndGlobalSection
EndGlobal
